{
  "object": {
    "pins": [
      {
        "package": "APNGKit",
        "repositoryURL": "https://github.com/onevcat/APNGKit.git",
        "state": {
          "branch": null,
          "revision": "10129abce1fcb98ddbded7e50be18f9da0771ed1",
          "version": "1.2.2"
        }
      }
    ]
  },
  "version": 1
}
